
Microsoft Visual Studio Solution File, Format Version 12.00
# Visual Studio Version 17
VisualStudioVersion = 17.5.33424.131
MinimumVisualStudioVersion = 10.0.40219.1
Project("{9A19103F-16F7-4668-BE54-9A1E7A4F7556}") = "MauiWifiManager", "MAUIWifiManager\MauiWifiManager.csproj", "{F6BBDBED-2671-4BC8-AD4B-93DC5E3E710D}"
EndProject
Project("{FAE04EC0-301F-11D3-BF4B-00C04F79EFBC}") = "DemoApp", "DemoApp\DemoApp.csproj", "{44458D82-6C21-4B4A-B29F-B8F85257CE43}"
EndProject
Global
	GlobalSection(SolutionConfigurationPlatforms) = preSolution
		Debug|Any CPU = Debug|Any CPU
		Release|Any CPU = Release|Any CPU
	EndGlobalSection
	GlobalSection(ProjectConfigurationPlatforms) = postSolution
		{F6BBDBED-2671-4BC8-AD4B-93DC5E3E710D}.Debug|Any CPU.ActiveCfg = Debug|Any CPU
		{F6BBDBED-2671-4BC8-AD4B-93DC5E3E710D}.Debug|Any CPU.Build.0 = Debug|Any CPU
		{F6BBDBED-2671-4BC8-AD4B-93DC5E3E710D}.Release|Any CPU.ActiveCfg = Release|Any CPU
		{F6BBDBED-2671-4BC8-AD4B-93DC5E3E710D}.Release|Any CPU.Build.0 = Release|Any CPU
		{44458D82-6C21-4B4A-B29F-B8F85257CE43}.Debug|Any CPU.ActiveCfg = Debug|Any CPU
		{44458D82-6C21-4B4A-B29F-B8F85257CE43}.Debug|Any CPU.Build.0 = Debug|Any CPU
		{44458D82-6C21-4B4A-B29F-B8F85257CE43}.Debug|Any CPU.Deploy.0 = Debug|Any CPU
		{44458D82-6C21-4B4A-B29F-B8F85257CE43}.Release|Any CPU.ActiveCfg = Release|Any CPU
		{44458D82-6C21-4B4A-B29F-B8F85257CE43}.Release|Any CPU.Build.0 = Release|Any CPU
		{44458D82-6C21-4B4A-B29F-B8F85257CE43}.Release|Any CPU.Deploy.0 = Release|Any CPU
	EndGlobalSection
	GlobalSection(SolutionProperties) = preSolution
		HideSolutionNode = FALSE
	EndGlobalSection
	GlobalSection(ExtensibilityGlobals) = postSolution
		SolutionGuid = {38F9DC3F-D8C4-4963-97AC-3E96A5F7C62A}
	EndGlobalSection
EndGlobal
